
Microsoft Visual Studio Solution File, Format Version 12.00
# Visual Studio Version 16
VisualStudioVersion = 16.0.32228.343
MinimumVisualStudioVersion = 10.0.40219.1
Project("{FAE04EC0-301F-11D3-BF4B-00C04F79EFBC}") = "Presentation", "Presentation\Presentation.csproj", "{BB4FB5A3-7993-4C71-A218-08276EE3C158}"
EndProject
Project("{FAE04EC0-301F-11D3-BF4B-00C04F79EFBC}") = "DataAccessLayer", "DataAccess 2.0\DataAccessLayer.csproj", "{0717D348-21A4-4DB5-A95C-2DEC83BE8D9A}"
EndProject
Project("{FAE04EC0-301F-11D3-BF4B-00C04F79EFBC}") = "DTOs", "DTOs\DTOs.csproj", "{A1F8D548-7BB2-471F-BBC1-56EBB1359F98}"
EndProject
Project("{FAE04EC0-301F-11D3-BF4B-00C04F79EFBC}") = "LogicLayer", "LogicLayer\LogicLayer.csproj", "{B8405F59-4AD6-4112-9F6F-674B0C31A4FF}"
EndProject
Global
	GlobalSection(SolutionConfigurationPlatforms) = preSolution
		Debug|Any CPU = Debug|Any CPU
		Release|Any CPU = Release|Any CPU
	EndGlobalSection
	GlobalSection(ProjectConfigurationPlatforms) = postSolution
		{BB4FB5A3-7993-4C71-A218-08276EE3C158}.Debug|Any CPU.ActiveCfg = Debug|Any CPU
		{BB4FB5A3-7993-4C71-A218-08276EE3C158}.Debug|Any CPU.Build.0 = Debug|Any CPU
		{BB4FB5A3-7993-4C71-A218-08276EE3C158}.Release|Any CPU.ActiveCfg = Release|Any CPU
		{BB4FB5A3-7993-4C71-A218-08276EE3C158}.Release|Any CPU.Build.0 = Release|Any CPU
		{0717D348-21A4-4DB5-A95C-2DEC83BE8D9A}.Debug|Any CPU.ActiveCfg = Debug|Any CPU
		{0717D348-21A4-4DB5-A95C-2DEC83BE8D9A}.Debug|Any CPU.Build.0 = Debug|Any CPU
		{0717D348-21A4-4DB5-A95C-2DEC83BE8D9A}.Release|Any CPU.ActiveCfg = Release|Any CPU
		{0717D348-21A4-4DB5-A95C-2DEC83BE8D9A}.Release|Any CPU.Build.0 = Release|Any CPU
		{A1F8D548-7BB2-471F-BBC1-56EBB1359F98}.Debug|Any CPU.ActiveCfg = Debug|Any CPU
		{A1F8D548-7BB2-471F-BBC1-56EBB1359F98}.Debug|Any CPU.Build.0 = Debug|Any CPU
		{A1F8D548-7BB2-471F-BBC1-56EBB1359F98}.Release|Any CPU.ActiveCfg = Release|Any CPU
		{A1F8D548-7BB2-471F-BBC1-56EBB1359F98}.Release|Any CPU.Build.0 = Release|Any CPU
		{B8405F59-4AD6-4112-9F6F-674B0C31A4FF}.Debug|Any CPU.ActiveCfg = Debug|Any CPU
		{B8405F59-4AD6-4112-9F6F-674B0C31A4FF}.Debug|Any CPU.Build.0 = Debug|Any CPU
		{B8405F59-4AD6-4112-9F6F-674B0C31A4FF}.Release|Any CPU.ActiveCfg = Release|Any CPU
		{B8405F59-4AD6-4112-9F6F-674B0C31A4FF}.Release|Any CPU.Build.0 = Release|Any CPU
	EndGlobalSection
	GlobalSection(SolutionProperties) = preSolution
		HideSolutionNode = FALSE
	EndGlobalSection
	GlobalSection(ExtensibilityGlobals) = postSolution
		SolutionGuid = {F3BAACF7-4AC6-499F-A25D-4A978955B447}
	EndGlobalSection
EndGlobal
